{
  "name": "graphite",
  "version": "0.1.4",
  "lockfileVersion": 1,
  "requires": true,
  "dependencies": {
    "@sinonjs/commons": {
      "version": "1.8.1",
      "resolved": "https://registry.npmjs.org/@sinonjs/commons/-/commons-1.8.1.tgz",
      "integrity": "sha512-892K+kWUUi3cl+LlqEWIDrhvLgdL79tECi8JZUyq6IviKy/DNhuzCRlbHUjxK89f4ypPMMaFnFuR9Ie6DoIMsw==",
      "dev": true,
      "requires": {
        "type-detect": "4.0.8"
      }
    },
    "@sinonjs/formatio": {
      "version": "3.2.2",
      "resolved": "https://registry.npmjs.org/@sinonjs/formatio/-/formatio-3.2.2.tgz",
      "integrity": "sha512-B8SEsgd8gArBLMD6zpRw3juQ2FVSsmdd7qlevyDqzS9WTCtvF55/gAL+h6gue8ZvPYcdiPdvueM/qm//9XzyTQ==",
      "dev": true,
      "requires": {
        "@sinonjs/commons": "^1",
        "@sinonjs/samsam": "^3.1.0"
      },
      "dependencies": {
        "@sinonjs/samsam": {
          "version": "3.3.3",
          "resolved": "https://registry.npmjs.org/@sinonjs/samsam/-/samsam-3.3.3.tgz",
          "integrity": "sha512-bKCMKZvWIjYD0BLGnNrxVuw4dkWCYsLqFOUWw8VgKF/+5Y+mE7LfHWPIYoDXowH+3a9LsWDMo0uAP8YDosPvHQ==",
          "dev": true,
          "requires": {
            "@sinonjs/commons": "^1.3.0",
            "array-from": "^2.1.1",
            "lodash": "^4.17.15"
          }
        }
      }
    },
    "@sinonjs/samsam": {
      "version": "2.1.3",
      "resolved": "https://registry.npmjs.org/@sinonjs/samsam/-/samsam-2.1.3.tgz",
      "integrity": "sha512-8zNeBkSKhU9a5cRNbpCKau2WWPfan+Q2zDlcXvXyhn9EsMqgYs4qzo0XHNVlXC6ABQL8fT6nV+zzo5RTHJzyXw==",
      "dev": true
    },
    "@sinonjs/text-encoding": {
      "version": "0.7.1",
      "resolved": "https://registry.npmjs.org/@sinonjs/text-encoding/-/text-encoding-0.7.1.tgz",
      "integrity": "sha512-+iTbntw2IZPb/anVDbypzfQa+ay64MW0Zo8aJ8gZPWMMK6/OubMVb6lUPMagqjOPnmtauXnFCACVl3O7ogjeqQ==",
      "dev": true
    },
    "array-from": {
      "version": "2.1.1",
      "resolved": "https://registry.npmjs.org/array-from/-/array-from-2.1.1.tgz",
      "integrity": "sha1-z+nYwmYoudxa7MYqn12PHzUsEZU=",
      "dev": true
    },
    "diff": {
      "version": "3.5.0",
      "resolved": "https://registry.npmjs.org/diff/-/diff-3.5.0.tgz",
      "integrity": "sha512-A46qtFgd+g7pDZinpnwiRJtxbC1hpgf0uzP3iG89scHk0AUC7A1TGxf5OiiOUv/JMZR8GOt8hL900hV0bOy5xA==",
      "dev": true
    },
    "has-flag": {
      "version": "3.0.0",
      "resolved": "https://registry.npmjs.org/has-flag/-/has-flag-3.0.0.tgz",
      "integrity": "sha1-tdRU3CGZriJWmfNGfloH87lVuv0=",
      "dev": true
    },
    "isarray": {
      "version": "0.0.1",
      "resolved": "https://registry.npmjs.org/isarray/-/isarray-0.0.1.tgz",
      "integrity": "sha1-ihis/Kmo9Bd+Cav8YDiTmwXR7t8=",
      "dev": true
    },
    "just-extend": {
      "version": "4.1.1",
      "resolved": "https://registry.npmjs.org/just-extend/-/just-extend-4.1.1.tgz",
      "integrity": "sha512-aWgeGFW67BP3e5181Ep1Fv2v8z//iBJfrvyTnq8wG86vEESwmonn1zPBJ0VfmT9CJq2FIT0VsETtrNFm2a+SHA==",
      "dev": true
    },
    "lazy-socket": {
      "version": "0.0.3",
      "resolved": "https://registry.npmjs.org/lazy-socket/-/lazy-socket-0.0.3.tgz",
      "integrity": "sha1-IY35pYDxVE2LuEwxSd8EesDP/To="
    },
    "lodash": {
      "version": "4.17.20",
      "resolved": "https://registry.npmjs.org/lodash/-/lodash-4.17.20.tgz",
      "integrity": "sha512-PlhdFcillOINfeV7Ni6oF1TAEayyZBoZ8bcshTHqOYJYlrqzRK5hagpagky5o4HfCzzd1TRkXPMFq6cKk9rGmA==",
      "dev": true
    },
    "lodash.get": {
      "version": "4.4.2",
      "resolved": "https://registry.npmjs.org/lodash.get/-/lodash.get-4.4.2.tgz",
      "integrity": "sha1-LRd/ZS+jHpObRDjVNBSZ36OCXpk=",
      "dev": true
    },
    "lolex": {
      "version": "3.1.0",
      "resolved": "https://registry.npmjs.org/lolex/-/lolex-3.1.0.tgz",
      "integrity": "sha512-zFo5MgCJ0rZ7gQg69S4pqBsLURbFw11X68C18OcJjJQbqaXm2NoTrGl1IMM3TIz0/BnN1tIs2tzmmqvCsOMMjw==",
      "dev": true
    },
    "nise": {
      "version": "1.5.3",
      "resolved": "https://registry.npmjs.org/nise/-/nise-1.5.3.tgz",
      "integrity": "sha512-Ymbac/94xeIrMf59REBPOv0thr+CJVFMhrlAkW/gjCIE58BGQdCj0x7KRCb3yz+Ga2Rz3E9XXSvUyyxqqhjQAQ==",
      "dev": true,
      "requires": {
        "@sinonjs/formatio": "^3.2.1",
        "@sinonjs/text-encoding": "^0.7.1",
        "just-extend": "^4.0.2",
        "lolex": "^5.0.1",
        "path-to-regexp": "^1.7.0"
      },
      "dependencies": {
        "lolex": {
          "version": "5.1.2",
          "resolved": "https://registry.npmjs.org/lolex/-/lolex-5.1.2.tgz",
          "integrity": "sha512-h4hmjAvHTmd+25JSwrtTIuwbKdwg5NzZVRMLn9saij4SZaepCrTCxPr35H/3bjwfMJtN+t3CX8672UIkglz28A==",
          "dev": true,
          "requires": {
            "@sinonjs/commons": "^1.7.0"
          }
        }
      }
    },
    "path-to-regexp": {
      "version": "1.8.0",
      "resolved": "https://registry.npmjs.org/path-to-regexp/-/path-to-regexp-1.8.0.tgz",
      "integrity": "sha512-n43JRhlUKUAlibEJhPeir1ncUID16QnEjNpwzNdO3Lm4ywrBpBZ5oLD0I6br9evr1Y9JTqwRtAh7JLoOzAQdVA==",
      "dev": true,
      "requires": {
        "isarray": "0.0.1"
      }
    },
    "sinon": {
      "version": "7.1.1",
      "resolved": "https://registry.npmjs.org/sinon/-/sinon-7.1.1.tgz",
      "integrity": "sha512-iYagtjLVt1vN3zZY7D8oH7dkjNJEjLjyuzy8daX5+3bbQl8gaohrheB9VfH1O3L6LKuue5WTJvFluHiuZ9y3nQ==",
      "dev": true,
      "requires": {
        "@sinonjs/commons": "^1.2.0",
        "@sinonjs/formatio": "^3.0.0",
        "@sinonjs/samsam": "^2.1.2",
        "diff": "^3.5.0",
        "lodash.get": "^4.4.2",
        "lolex": "^3.0.0",
        "nise": "^1.4.6",
        "supports-color": "^5.5.0",
        "type-detect": "^4.0.8"
      }
    },
    "supports-color": {
      "version": "5.5.0",
      "resolved": "https://registry.npmjs.org/supports-color/-/supports-color-5.5.0.tgz",
      "integrity": "sha512-QjVjwdXIt408MIiAqCX4oUKsgU2EqAGzs2Ppkm4aQYbjm+ZEWEcW4SfFNTr4uMNZma0ey4f5lgLrkB0aX0QMow==",
      "dev": true,
      "requires": {
        "has-flag": "^3.0.0"
      }
    },
    "type-detect": {
      "version": "4.0.8",
      "resolved": "https://registry.npmjs.org/type-detect/-/type-detect-4.0.8.tgz",
      "integrity": "sha512-0fr/mIH1dlO+x7TlcMy+bIDqKPsw/70tVyeHW787goQjhmqaZe10uwLujubK9q9Lg6Fiho1KUKDYz0Z7k7g5/g==",
      "dev": true
    },
    "urun": {
      "version": "0.0.8",
      "resolved": "https://registry.npmjs.org/urun/-/urun-0.0.8.tgz",
      "integrity": "sha1-N5mgKTcUwRFdMmpOaeKl+W7nhuI=",
      "dev": true
    },
    "utest": {
      "version": "0.0.8",
      "resolved": "https://registry.npmjs.org/utest/-/utest-0.0.8.tgz",
      "integrity": "sha1-/AlFH+aXuQCNDEMv4NtDnWzzeRQ=",
      "dev": true
    }
  }
}
